# This file is automatically @generated by Cargo.
# It is not intended for manual editing.
version = 3

[[package]]
name = "auto-splitter"
version = "0.1.0"
dependencies = [
 "livesplit-wrapper",
]

[[package]]
name = "bytemuck"
version = "1.12.1"
source = "registry+https://github.com/rust-lang/crates.io-index"
checksum = "2f5715e491b5a1598fc2bef5a606847b5dc1d48ea625bd3c02c00de8285591da"

[[package]]
name = "livesplit-wrapper"
version = "0.1.0"
dependencies = [
 "bytemuck",
]
